// !$*UTF8*$!
{
	archiveVersion = 1;
	classes = {
	};
	objectVersion = 50;
	objects = {

/* Begin PBXBuildFile section */
		CEC17C0026E8945E00534258 /* AppDelegate.swift in Sources */ = {isa = PBXBuildFile; fileRef = CEC17BFF26E8945E00534258 /* AppDelegate.swift */; };
		CEC17C0226E8945E00534258 /* SceneDelegate.swift in Sources */ = {isa = PBXBuildFile; fileRef = CEC17C0126E8945E00534258 /* SceneDelegate.swift */; };
		CEC17C0426E8945E00534258 /* ViewController.swift in Sources */ = {isa = PBXBuildFile; fileRef = CEC17C0326E8945E00534258 /* ViewController.swift */; };
		CEC17C0726E8945E00534258 /* Main.storyboard in Resources */ = {isa = PBXBuildFile; fileRef = CEC17C0526E8945E00534258 /* Main.storyboard */; };
		CEC17C0A26E8945E00534258 /* FirstProject.xcdatamodeld in Sources */ = {isa = PBXBuildFile; fileRef = CEC17C0826E8945E00534258 /* FirstProject.xcdatamodeld */; };
		CEC17C0C26E8945F00534258 /* Assets.xcassets in Resources */ = {isa = PBXBuildFile; fileRef = CEC17C0B26E8945F00534258 /* Assets.xcassets */; };
		CEC17C0F26E8945F00534258 /* LaunchScreen.storyboard in Resources */ = {isa = PBXBuildFile; fileRef = CEC17C0D26E8945F00534258 /* LaunchScreen.storyboard */; };
		CEC17C1A26E8945F00534258 /* FirstProjectTests.swift in Sources */ = {isa = PBXBuildFile; fileRef = CEC17C1926E8945F00534258 /* FirstProjectTests.swift */; };
		CEC17C2526E8945F00534258 /* FirstProjectUITests.swift in Sources */ = {isa = PBXBuildFile; fileRef = CEC17C2426E8945F00534258 /* FirstProjectUITests.swift */; };
/* End PBXBuildFile section */

/* Begin PBXContainerItemProxy section */
		CEC17C1626E8945F00534258 /* PBXContainerItemProxy */ = {
			isa = PBXContainerItemProxy;
			containerPortal = CEC17BF426E8945E00534258 /* Project object */;
			proxyType = 1;
			remoteGlobalIDString = CEC17BFB26E8945E00534258;
			remoteInfo = FirstProject;
		};
		CEC17C2126E8945F00534258 /* PBXContainerItemProxy */ = {
			isa = PBXContainerItemProxy;
			containerPortal = CEC17BF426E8945E00534258 /* Project object */;
			proxyType = 1;
			remoteGlobalIDString = CEC17BFB26E8945E00534258;
			remoteInfo = FirstProject;
		};
/* End PBXContainerItemProxy section */

/* Begin PBXFileReference section */
		CEC17BFC26E8945E00534258 /* FirstProject.app */ = {isa = PBXFileReference; explicitFileType = wrapper.application; includeInIndex = 0; path = FirstProject.app; sourceTree = BUILT_PRODUCTS_DIR; };
		CEC17BFF26E8945E00534258 /* AppDelegate.swift */ = {isa = PBXFileReference; lastKnownFileType = sourcecode.swift; path = AppDelegate.swift; sourceTree = "<group>"; };
		CEC17C0126E8945E00534258 /* SceneDelegate.swift */ = {isa = PBXFileReference; lastKnownFileType = sourcecode.swift; path = SceneDelegate.swift; sourceTree = "<group>"; };
		CEC17C0326E8945E00534258 /* ViewController.swift */ = {isa = PBXFileReference; lastKnownFileType = sourcecode.swift; path = ViewController.swift; sourceTree = "<group>"; };
		CEC17C0626E8945E00534258 /* Base */ = {isa = PBXFileReference; lastKnownFileType = file.storyboard; name = Base; path = Base.lproj/Main.storyboard; sourceTree = "<group>"; };
		CEC17C0926E8945E00534258 /* FirstProject.xcdatamodel */ = {isa = PBXFileReference; lastKnownFileType = wrapper.xcdatamodel; path = FirstProject.xcdatamodel; sourceTree = "<group>"; };
		CEC17C0B26E8945F00534258 /* Assets.xcassets */ = {isa = PBXFileReference; lastKnownFileType = folder.assetcatalog; path = Assets.xcassets; sourceTree = "<group>"; };
		CEC17C0E26E8945F00534258 /* Base */ = {isa = PBXFileReference; lastKnownFileType = file.storyboard; name = Base; path = Base.lproj/LaunchScreen.storyboard; sourceTree = "<group>"; };
		CEC17C1026E8945F00534258 /* Info.plist */ = {isa = PBXFileReference; lastKnownFileType = text.plist.xml; path = Info.plist; sourceTree = "<group>"; };
		CEC17C1526E8945F00534258 /* FirstProjectTests.xctest */ = {isa = PBXFileReference; explicitFileType = wrapper.cfbundle; includeInIndex = 0; path = FirstProjectTests.xctest; sourceTree = BUILT_PRODUCTS_DIR; };
		CEC17C1926E8945F00534258 /* FirstProjectTests.swift */ = {isa = PBXFileReference; lastKnownFileType = sourcecode.swift; path = FirstProjectTests.swift; sourceTree = "<group>"; };
		CEC17C1B26E8945F00534258 /* Info.plist */ = {isa = PBXFileReference; lastKnownFileType = text.plist.xml; path = Info.plist; sourceTree = "<group>"; };
		CEC17C2026E8945F00534258 /* FirstProjectUITests.xctest */ = {isa = PBXFileReference; explicitFileType = wrapper.cfbundle; includeInIndex = 0; path = FirstProjectUITests.xctest; sourceTree = BUILT_PRODUCTS_DIR; };
		CEC17C2426E8945F00534258 /* FirstProjectUITests.swift */ = {isa = PBXFileReference; lastKnownFileType = sourcecode.swift; path = FirstProjectUITests.swift; sourceTree = "<group>"; };
		CEC17C2626E8945F00534258 /* Info.plist */ = {isa = PBXFileReference; lastKnownFileType = text.plist.xml; path = Info.plist; sourceTree = "<group>"; };
/* End PBXFileReference section */

/* Begin PBXFrameworksBuildPhase section */
		CEC17BF926E8945E00534258 /* Frameworks */ = {
			isa = PBXFrameworksBuildPhase;
			buildActionMask = 2147483647;
			files = (
			);
			runOnlyForDeploymentPostprocessing = 0;
		};
		CEC17C1226E8945F00534258 /* Frameworks */ = {
			isa = PBXFrameworksBuildPhase;
			buildActionMask = 2147483647;
			files = (
			);
			runOnlyForDeploymentPostprocessing = 0;
		};
		CEC17C1D26E8945F00534258 /* Frameworks */ = {
			isa = PBXFrameworksBuildPhase;
			buildActionMask = 2147483647;
			files = (
			);
			runOnlyForDeploymentPostprocessing = 0;
		};
/* End PBXFrameworksBuildPhase section */

/* Begin PBXGroup section */
		CEC17BF326E8945E00534258 = {
			isa = PBXGroup;
			children = (
				CEC17BFE26E8945E00534258 /* FirstProject */,
				CEC17C1826E8945F00534258 /* FirstProjectTests */,
				CEC17C2326E8945F00534258 /* FirstProjectUITests */,
				CEC17BFD26E8945E00534258 /* Products */,
			);
			sourceTree = "<group>";
			usesTabs = 0;
		};
		CEC17BFD26E8945E00534258 /* Products */ = {
			isa = PBXGroup;
			children = (
				CEC17BFC26E8945E00534258 /* FirstProject.app */,
				CEC17C1526E8945F00534258 /* FirstProjectTests.xctest */,
				CEC17C2026E8945F00534258 /* FirstProjectUITests.xctest */,
			);
			name = Products;
			sourceTree = "<group>";
		};
		CEC17BFE26E8945E00534258 /* FirstProject */ = {
			isa = PBXGroup;
			children = (
				CEC17BFF26E8945E00534258 /* AppDelegate.swift */,
				CEC17C0126E8945E00534258 /* SceneDelegate.swift */,
				CEC17C0326E8945E00534258 /* ViewController.swift */,
				CEC17C0526E8945E00534258 /* Main.storyboard */,
				CEC17C0B26E8945F00534258 /* Assets.xcassets */,
				CEC17C0D26E8945F00534258 /* LaunchScreen.storyboard */,
				CEC17C1026E8945F00534258 /* Info.plist */,
				CEC17C0826E8945E00534258 /* FirstProject.xcdatamodeld */,
			);
			path = FirstProject;
			sourceTree = "<group>";
		};
		CEC17C1826E8945F00534258 /* FirstProjectTests */ = {
			isa = PBXGroup;
			children = (
				CEC17C1926E8945F00534258 /* FirstProjectTests.swift */,
				CEC17C1B26E8945F00534258 /* Info.plist */,
			);
			path = FirstProjectTests;
			sourceTree = "<group>";
		};
		CEC17C2326E8945F00534258 /* FirstProjectUITests */ = {
			isa = PBXGroup;
			children = (
				CEC17C2426E8945F00534258 /* FirstProjectUITests.swift */,
				CEC17C2626E8945F00534258 /* Info.plist */,
			);
			path = FirstProjectUITests;
			sourceTree = "<group>";
		};
/* End PBXGroup section */

/* Begin PBXNativeTarget section */
		CEC17BFB26E8945E00534258 /* FirstProject */ = {
			isa = PBXNativeTarget;
			buildConfigurationList = CEC17C2926E8945F00534258 /* Build configuration list for PBXNativeTarget "FirstProject" */;
			buildPhases = (
				CEC17BF826E8945E00534258 /* Sources */,
				CEC17BF926E8945E00534258 /* Frameworks */,
				CEC17BFA26E8945E00534258 /* Resources */,
			);
			buildRules = (
			);
			dependencies = (
			);
			name = FirstProject;
			productName = FirstProject;
			productReference = CEC17BFC26E8945E00534258 /* FirstProject.app */;
			productType = "com.apple.product-type.application";
		};
		CEC17C1426E8945F00534258 /* FirstProjectTests */ = {
			isa = PBXNativeTarget;
			buildConfigurationList = CEC17C2C26E8945F00534258 /* Build configuration list for PBXNativeTarget "FirstProjectTests" */;
			buildPhases = (
				CEC17C1126E8945F00534258 /* Sources */,
				CEC17C1226E8945F00534258 /* Frameworks */,
				CEC17C1326E8945F00534258 /* Resources */,
			);
			buildRules = (
			);
			dependencies = (
				CEC17C1726E8945F00534258 /* PBXTargetDependency */,
			);
			name = FirstProjectTests;
			productName = FirstProjectTests;
			productReference = CEC17C1526E8945F00534258 /* FirstProjectTests.xctest */;
			productType = "com.apple.product-type.bundle.unit-test";
		};
		CEC17C1F26E8945F00534258 /* FirstProjectUITests */ = {
			isa = PBXNativeTarget;
			buildConfigurationList = CEC17C2F26E8945F00534258 /* Build configuration list for PBXNativeTarget "FirstProjectUITests" */;
			buildPhases = (
				CEC17C1C26E8945F00534258 /* Sources */,
				CEC17C1D26E8945F00534258 /* Frameworks */,
				CEC17C1E26E8945F00534258 /* Resources */,
			);
			buildRules = (
			);
			dependencies = (
				CEC17C2226E8945F00534258 /* PBXTargetDependency */,
			);
			name = FirstProjectUITests;
			productName = FirstProjectUITests;
			productReference = CEC17C2026E8945F00534258 /* FirstProjectUITests.xctest */;
			productType = "com.apple.product-type.bundle.ui-testing";
		};
/* End PBXNativeTarget section */

/* Begin PBXProject section */
		CEC17BF426E8945E00534258 /* Project object */ = {
			isa = PBXProject;
			attributes = {
				LastSwiftUpdateCheck = 1250;
				LastUpgradeCheck = 1250;
				TargetAttributes = {
					CEC17BFB26E8945E00534258 = {
						CreatedOnToolsVersion = 12.5.1;
					};
					CEC17C1426E8945F00534258 = {
						CreatedOnToolsVersion = 12.5.1;
						TestTargetID = CEC17BFB26E8945E00534258;
					};
					CEC17C1F26E8945F00534258 = {
						CreatedOnToolsVersion = 12.5.1;
						TestTargetID = CEC17BFB26E8945E00534258;
					};
				};
			};
			buildConfigurationList = CEC17BF726E8945E00534258 /* Build configuration list for PBXProject "FirstProject" */;
			compatibilityVersion = "Xcode 9.3";
			developmentRegion = en;
			hasScannedForEncodings = 0;
			knownRegions = (
				en,
				Base,
			);
			mainGroup = CEC17BF326E8945E00534258;
			productRefGroup = CEC17BFD26E8945E00534258 /* Products */;
			projectDirPath = "";
			projectRoot = "";
			targets = (
				CEC17BFB26E8945E00534258 /* FirstProject */,
				CEC17C1426E8945F00534258 /* FirstProjectTests */,
				CEC17C1F26E8945F00534258 /* FirstProjectUITests */,
			);
		};
/* End PBXProject section */

/* Begin PBXResourcesBuildPhase section */
		CEC17BFA26E8945E00534258 /* Resources */ = {
			isa = PBXResourcesBuildPhase;
			buildActionMask = 2147483647;
			files = (
				CEC17C0F26E8945F00534258 /* LaunchScreen.storyboard in Resources */,
				CEC17C0C26E8945F00534258 /* Assets.xcassets in Resources */,
				CEC17C0726E8945E00534258 /* Main.storyboard in Resources */,
			);
			runOnlyForDeploymentPostprocessing = 0;
		};
		CEC17C1326E8945F00534258 /* Resources */ = {
			isa = PBXResourcesBuildPhase;
			buildActionMask = 2147483647;
			files = (
			);
			runOnlyForDeploymentPostprocessing = 0;
		};
		CEC17C1E26E8945F00534258 /* Resources */ = {
			isa = PBXResourcesBuildPhase;
			buildActionMask = 2147483647;
			files = (
			);
			runOnlyForDeploymentPostprocessing = 0;
		};
/* End PBXResourcesBuildPhase section */

/* Begin PBXSourcesBuildPhase section */
		CEC17BF826E8945E00534258 /* Sources */ = {
			isa = PBXSourcesBuildPhase;
			buildActionMask = 2147483647;
			files = (
				CEC17C0A26E8945E00534258 /* FirstProject.xcdatamodeld in Sources */,
				CEC17C0426E8945E00534258 /* ViewController.swift in Sources */,
				CEC17C0026E8945E00534258 /* AppDelegate.swift in Sources */,
				CEC17C0226E8945E00534258 /* SceneDelegate.swift in Sources */,
			);
			runOnlyForDeploymentPostprocessing = 0;
		};
		CEC17C1126E8945F00534258 /* Sources */ = {
			isa = PBXSourcesBuildPhase;
			buildActionMask = 2147483647;
			files = (
				CEC17C1A26E8945F00534258 /* FirstProjectTests.swift in Sources */,
			);
			runOnlyForDeploymentPostprocessing = 0;
		};
		CEC17C1C26E8945F00534258 /* Sources */ = {
			isa = PBXSourcesBuildPhase;
			buildActionMask = 2147483647;
			files = (
				CEC17C2526E8945F00534258 /* FirstProjectUITests.swift in Sources */,
			);
			runOnlyForDeploymentPostprocessing = 0;
		};
/* End PBXSourcesBuildPhase section */

/* Begin PBXTargetDependency section */
		CEC17C1726E8945F00534258 /* PBXTargetDependency */ = {
			isa = PBXTargetDependency;
			target = CEC17BFB26E8945E00534258 /* FirstProject */;
			targetProxy = CEC17C1626E8945F00534258 /* PBXContainerItemProxy */;
		};
		CEC17C2226E8945F00534258 /* PBXTargetDependency */ = {
			isa = PBXTargetDependency;
			target = CEC17BFB26E8945E00534258 /* FirstProject */;
			targetProxy = CEC17C2126E8945F00534258 /* PBXContainerItemProxy */;
		};
/* End PBXTargetDependency section */

/* Begin PBXVariantGroup section */
		CEC17C0526E8945E00534258 /* Main.storyboard */ = {
			isa = PBXVariantGroup;
			children = (
				CEC17C0626E8945E00534258 /* Base */,
			);
			name = Main.storyboard;
			sourceTree = "<group>";
		};
		CEC17C0D26E8945F00534258 /* LaunchScreen.storyboard */ = {
			isa = PBXVariantGroup;
			children = (
				CEC17C0E26E8945F00534258 /* Base */,
			);
			name = LaunchScreen.storyboard;
			sourceTree = "<group>";
		};
/* End PBXVariantGroup section */

/* Begin XCBuildConfiguration section */
		CEC17C2726E8945F00534258 /* Debug */ = {
			isa = XCBuildConfiguration;
			buildSettings = {
				ALWAYS_SEARCH_USER_PATHS = NO;
				CLANG_ANALYZER_NONNULL = YES;
				CLANG_ANALYZER_NUMBER_OBJECT_CONVERSION = YES_AGGRESSIVE;
				CLANG_CXX_LANGUAGE_STANDARD = "gnu++14";
				CLANG_CXX_LIBRARY = "libc++";
				CLANG_ENABLE_MODULES = YES;
				CLANG_ENABLE_OBJC_ARC = YES;
				CLANG_ENABLE_OBJC_WEAK = YES;
				CLANG_WARN_BLOCK_CAPTURE_AUTORELEASING = YES;
				CLANG_WARN_BOOL_CONVERSION = YES;
				CLANG_WARN_COMMA = YES;
				CLANG_WARN_CONSTANT_CONVERSION = YES;
				CLANG_WARN_DEPRECATED_OBJC_IMPLEMENTATIONS = YES;
				CLANG_WARN_DIRECT_OBJC_ISA_USAGE = YES_ERROR;
				CLANG_WARN_DOCUMENTATION_COMMENTS = YES;
				CLANG_WARN_EMPTY_BODY = YES;
				CLANG_WARN_ENUM_CONVERSION = YES;
				CLANG_WARN_INFINITE_RECURSION = YES;
				CLANG_WARN_INT_CONVERSION = YES;
				CLANG_WARN_NON_LITERAL_NULL_CONVERSION = YES;
				CLANG_WARN_OBJC_IMPLICIT_RETAIN_SELF = YES;
				CLANG_WARN_OBJC_LITERAL_CONVERSION = YES;
				CLANG_WARN_OBJC_ROOT_CLASS = YES_ERROR;
				CLANG_WARN_QUOTED_INCLUDE_IN_FRAMEWORK_HEADER = YES;
				CLANG_WARN_RANGE_LOOP_ANALYSIS = YES;
				CLANG_WARN_STRICT_PROTOTYPES = YES;
				CLANG_WARN_SUSPICIOUS_MOVE = YES;
				CLANG_WARN_UNGUARDED_AVAILABILITY = YES_AGGRESSIVE;
				CLANG_WARN_UNREACHABLE_CODE = YES;
				CLANG_WARN__DUPLICATE_METHOD_MATCH = YES;
				COPY_PHASE_STRIP = NO;
				DEBUG_INFORMATION_FORMAT = dwarf;
				ENABLE_STRICT_OBJC_MSGSEND = YES;
				ENABLE_TESTABILITY = YES;
				GCC_C_LANGUAGE_STANDARD = gnu11;
				GCC_DYNAMIC_NO_PIC = NO;
				GCC_NO_COMMON_BLOCKS = YES;
				GCC_OPTIMIZATION_LEVEL = 0;
				GCC_PREPROCESSOR_DEFINITIONS = (
					"DEBUG=1",
					"$(inherited)",
				);
				GCC_WARN_64_TO_32_BIT_CONVERSION = YES;
				GCC_WARN_ABOUT_RETURN_TYPE = YES_ERROR;
				GCC_WARN_UNDECLARED_SELECTOR = YES;
				GCC_WARN_UNINITIALIZED_AUTOS = YES_AGGRESSIVE;
				GCC_WARN_UNUSED_FUNCTION = YES;
				GCC_WARN_UNUSED_VARIABLE = YES;
				IPHONEOS_DEPLOYMENT_TARGET = 14.5;
				MTL_ENABLE_DEBUG_INFO = INCLUDE_SOURCE;
				MTL_FAST_MATH = YES;
				ONLY_ACTIVE_ARCH = YES;
				SDKROOT = iphoneos;
				SWIFT_ACTIVE_COMPILATION_CONDITIONS = DEBUG;
				SWIFT_OPTIMIZATION_LEVEL = "-Onone";
			};
			name = Debug;
		};
		CEC17C2826E8945F00534258 /* Release */ = {
			isa = XCBuildConfiguration;
			buildSettings = {
				ALWAYS_SEARCH_USER_PATHS = NO;
				CLANG_ANALYZER_NONNULL = YES;
				CLANG_ANALYZER_NUMBER_OBJECT_CONVERSION = YES_AGGRESSIVE;
				CLANG_CXX_LANGUAGE_STANDARD = "gnu++14";
				CLANG_CXX_LIBRARY = "libc++";
				CLANG_ENABLE_MODULES = YES;
				CLANG_ENABLE_OBJC_ARC = YES;
				CLANG_ENABLE_OBJC_WEAK = YES;
				CLANG_WARN_BLOCK_CAPTURE_AUTORELEASING = YES;
				CLANG_WARN_BOOL_CONVERSION = YES;
				CLANG_WARN_COMMA = YES;
				CLANG_WARN_CONSTANT_CONVERSION = YES;
				CLANG_WARN_DEPRECATED_OBJC_IMPLEMENTATIONS = YES;
				CLANG_WARN_DIRECT_OBJC_ISA_USAGE = YES_ERROR;
				CLANG_WARN_DOCUMENTATION_COMMENTS = YES;
				CLANG_WARN_EMPTY_BODY = YES;
				CLANG_WARN_ENUM_CONVERSION = YES;
				CLANG_WARN_INFINITE_RECURSION = YES;
				CLANG_WARN_INT_CONVERSION = YES;
				CLANG_WARN_NON_LITERAL_NULL_CONVERSION = YES;
				CLANG_WARN_OBJC_IMPLICIT_RETAIN_SELF = YES;
				CLANG_WARN_OBJC_LITERAL_CONVERSION = YES;
				CLANG_WARN_OBJC_ROOT_CLASS = YES_ERROR;
				CLANG_WARN_QUOTED_INCLUDE_IN_FRAMEWORK_HEADER = YES;
				CLANG_WARN_RANGE_LOOP_ANALYSIS = YES;
				CLANG_WARN_STRICT_PROTOTYPES = YES;
				CLANG_WARN_SUSPICIOUS_MOVE = YES;
				CLANG_WARN_UNGUARDED_AVAILABILITY = YES_AGGRESSIVE;
				CLANG_WARN_UNREACHABLE_CODE = YES;
				CLANG_WARN__DUPLICATE_METHOD_MATCH = YES;
				COPY_PHASE_STRIP = NO;
				DEBUG_INFORMATION_FORMAT = "dwarf-with-dsym";
				ENABLE_NS_ASSERTIONS = NO;
				ENABLE_STRICT_OBJC_MSGSEND = YES;
				GCC_C_LANGUAGE_STANDARD = gnu11;
				GCC_NO_COMMON_BLOCKS = YES;
				GCC_WARN_64_TO_32_BIT_CONVERSION = YES;
				GCC_WARN_ABOUT_RETURN_TYPE = YES_ERROR;
				GCC_WARN_UNDECLARED_SELECTOR = YES;
				GCC_WARN_UNINITIALIZED_AUTOS = YES_AGGRESSIVE;
				GCC_WARN_UNUSED_FUNCTION = YES;
				GCC_WARN_UNUSED_VARIABLE = YES;
				IPHONEOS_DEPLOYMENT_TARGET = 14.5;
				MTL_ENABLE_DEBUG_INFO = NO;
				MTL_FAST_MATH = YES;
				SDKROOT = iphoneos;
				SWIFT_COMPILATION_MODE = wholemodule;
				SWIFT_OPTIMIZATION_LEVEL = "-O";
				VALIDATE_PRODUCT = YES;
			};
			name = Release;
		};
		CEC17C2A26E8945F00534258 /* Debug */ = {
			isa = XCBuildConfiguration;
			buildSettings = {
				ASSETCATALOG_COMPILER_APPICON_NAME = AppIcon;
				ASSETCATALOG_COMPILER_GLOBAL_ACCENT_COLOR_NAME = AccentColor;
				CODE_SIGN_STYLE = Automatic;
				INFOPLIST_FILE = FirstProject/Info.plist;
				LD_RUNPATH_SEARCH_PATHS = (
					"$(inherited)",
					"@executable_path/Frameworks",
				);
				PRODUCT_BUNDLE_IDENTIFIER = bruh.FirstProject;
				PRODUCT_NAME = "$(TARGET_NAME)";
				SWIFT_VERSION = 5.0;
				TARGETED_DEVICE_FAMILY = "1,2";
			};
			name = Debug;
		};
		CEC17C2B26E8945F00534258 /* Release */ = {
			isa = XCBuildConfiguration;
			buildSettings = {
				ASSETCATALOG_COMPILER_APPICON_NAME = AppIcon;
				ASSETCATALOG_COMPILER_GLOBAL_ACCENT_COLOR_NAME = AccentColor;
				CODE_SIGN_STYLE = Automatic;
				INFOPLIST_FILE = FirstProject/Info.plist;
				LD_RUNPATH_SEARCH_PATHS = (
					"$(inherited)",
					"@executable_path/Frameworks",
				);
				PRODUCT_BUNDLE_IDENTIFIER = bruh.FirstProject;
				PRODUCT_NAME = "$(TARGET_NAME)";
				SWIFT_VERSION = 5.0;
				TARGETED_DEVICE_FAMILY = "1,2";
			};
			name = Release;
		};
		CEC17C2D26E8945F00534258 /* Debug */ = {
			isa = XCBuildConfiguration;
			buildSettings = {
				ALWAYS_EMBED_SWIFT_STANDARD_LIBRARIES = YES;
				BUNDLE_LOADER = "$(TEST_HOST)";
				CODE_SIGN_STYLE = Automatic;
				INFOPLIST_FILE = FirstProjectTests/Info.plist;
				IPHONEOS_DEPLOYMENT_TARGET = 14.5;
				LD_RUNPATH_SEARCH_PATHS = (
					"$(inherited)",
					"@executable_path/Frameworks",
					"@loader_path/Frameworks",
				);
				PRODUCT_BUNDLE_IDENTIFIER = bruh.FirstProjectTests;
				PRODUCT_NAME = "$(TARGET_NAME)";
				SWIFT_VERSION = 5.0;
				TARGETED_DEVICE_FAMILY = "1,2";
				TEST_HOST = "$(BUILT_PRODUCTS_DIR)/FirstProject.app/FirstProject";
			};
			name = Debug;
		};
		CEC17C2E26E8945F00534258 /* Release */ = {
			isa = XCBuildConfiguration;
			buildSettings = {
				ALWAYS_EMBED_SWIFT_STANDARD_LIBRARIES = YES;
				BUNDLE_LOADER = "$(TEST_HOST)";
				CODE_SIGN_STYLE = Automatic;
				INFOPLIST_FILE = FirstProjectTests/Info.plist;
				IPHONEOS_DEPLOYMENT_TARGET = 14.5;
				LD_RUNPATH_SEARCH_PATHS = (
					"$(inherited)",
					"@executable_path/Frameworks",
					"@loader_path/Frameworks",
				);
				PRODUCT_BUNDLE_IDENTIFIER = bruh.FirstProjectTests;
				PRODUCT_NAME = "$(TARGET_NAME)";
				SWIFT_VERSION = 5.0;
				TARGETED_DEVICE_FAMILY = "1,2";
				TEST_HOST = "$(BUILT_PRODUCTS_DIR)/FirstProject.app/FirstProject";
			};
			name = Release;
		};
		CEC17C3026E8945F00534258 /* Debug */ = {
			isa = XCBuildConfiguration;
			buildSettings = {
				ALWAYS_EMBED_SWIFT_STANDARD_LIBRARIES = YES;
				CODE_SIGN_STYLE = Automatic;
				INFOPLIST_FILE = FirstProjectUITests/Info.plist;
				LD_RUNPATH_SEARCH_PATHS = (
					"$(inherited)",
					"@executable_path/Frameworks",
					"@loader_path/Frameworks",
				);
				PRODUCT_BUNDLE_IDENTIFIER = bruh.FirstProjectUITests;
				PRODUCT_NAME = "$(TARGET_NAME)";
				SWIFT_VERSION = 5.0;
				TARGETED_DEVICE_FAMILY = "1,2";
				TEST_TARGET_NAME = FirstProject;
			};
			name = Debug;
		};
		CEC17C3126E8945F00534258 /* Release */ = {
			isa = XCBuildConfiguration;
			buildSettings = {
				ALWAYS_EMBED_SWIFT_STANDARD_LIBRARIES = YES;
				CODE_SIGN_STYLE = Automatic;
				INFOPLIST_FILE = FirstProjectUITests/Info.plist;
				LD_RUNPATH_SEARCH_PATHS = (
					"$(inherited)",
					"@executable_path/Frameworks",
					"@loader_path/Frameworks",
				);
				PRODUCT_BUNDLE_IDENTIFIER = bruh.FirstProjectUITests;
				PRODUCT_NAME = "$(TARGET_NAME)";
				SWIFT_VERSION = 5.0;
				TARGETED_DEVICE_FAMILY = "1,2";
				TEST_TARGET_NAME = FirstProject;
			};
			name = Release;
		};
/* End XCBuildConfiguration section */

/* Begin XCConfigurationList section */
		CEC17BF726E8945E00534258 /* Build configuration list for PBXProject "FirstProject" */ = {
			isa = XCConfigurationList;
			buildConfigurations = (
				CEC17C2726E8945F00534258 /* Debug */,
				CEC17C2826E8945F00534258 /* Release */,
			);
			defaultConfigurationIsVisible = 0;
			defaultConfigurationName = Release;
		};
		CEC17C2926E8945F00534258 /* Build configuration list for PBXNativeTarget "FirstProject" */ = {
			isa = XCConfigurationList;
			buildConfigurations = (
				CEC17C2A26E8945F00534258 /* Debug */,
				CEC17C2B26E8945F00534258 /* Release */,
			);
			defaultConfigurationIsVisible = 0;
			defaultConfigurationName = Release;
		};
		CEC17C2C26E8945F00534258 /* Build configuration list for PBXNativeTarget "FirstProjectTests" */ = {
			isa = XCConfigurationList;
			buildConfigurations = (
				CEC17C2D26E8945F00534258 /* Debug */,
				CEC17C2E26E8945F00534258 /* Release */,
			);
			defaultConfigurationIsVisible = 0;
			defaultConfigurationName = Release;
		};
		CEC17C2F26E8945F00534258 /* Build configuration list for PBXNativeTarget "FirstProjectUITests" */ = {
			isa = XCConfigurationList;
			buildConfigurations = (
				CEC17C3026E8945F00534258 /* Debug */,
				CEC17C3126E8945F00534258 /* Release */,
			);
			defaultConfigurationIsVisible = 0;
			defaultConfigurationName = Release;
		};
/* End XCConfigurationList section */

/* Begin XCVersionGroup section */
		CEC17C0826E8945E00534258 /* FirstProject.xcdatamodeld */ = {
			isa = XCVersionGroup;
			children = (
				CEC17C0926E8945E00534258 /* FirstProject.xcdatamodel */,
			);
			currentVersion = CEC17C0926E8945E00534258 /* FirstProject.xcdatamodel */;
			path = FirstProject.xcdatamodeld;
			sourceTree = "<group>";
			versionGroupType = wrapper.xcdatamodel;
		};
/* End XCVersionGroup section */
	};
	rootObject = CEC17BF426E8945E00534258 /* Project object */;
}
